
Microsoft Visual Studio Solution File, Format Version 12.00
# Visual Studio 15
VisualStudioVersion = 15.0.27703.2047
MinimumVisualStudioVersion = 10.0.40219.1
Project("{FAE04EC0-301F-11D3-BF4B-00C04F79EFBC}") = "NorthwindMVVM.Android", "NorthwindMVVM\NorthwindMVVM.Android\NorthwindMVVM.Android.csproj", "{40A511C6-150E-4FAA-A109-F7FCAD9FD21D}"
EndProject
Project("{FAE04EC0-301F-11D3-BF4B-00C04F79EFBC}") = "NorthwindMVVM", "NorthwindMVVM\NorthwindMVVM\NorthwindMVVM.csproj", "{B5DD05AC-A28D-477D-AF70-505D551C413B}"
EndProject
Global
	GlobalSection(SolutionConfigurationPlatforms) = preSolution
		Debug|Any CPU = Debug|Any CPU
		Release|Any CPU = Release|Any CPU
	EndGlobalSection
	GlobalSection(ProjectConfigurationPlatforms) = postSolution
		{40A511C6-150E-4FAA-A109-F7FCAD9FD21D}.Debug|Any CPU.ActiveCfg = Debug|Any CPU
		{40A511C6-150E-4FAA-A109-F7FCAD9FD21D}.Debug|Any CPU.Build.0 = Debug|Any CPU
		{40A511C6-150E-4FAA-A109-F7FCAD9FD21D}.Debug|Any CPU.Deploy.0 = Debug|Any CPU
		{40A511C6-150E-4FAA-A109-F7FCAD9FD21D}.Release|Any CPU.ActiveCfg = Release|Any CPU
		{40A511C6-150E-4FAA-A109-F7FCAD9FD21D}.Release|Any CPU.Build.0 = Release|Any CPU
		{40A511C6-150E-4FAA-A109-F7FCAD9FD21D}.Release|Any CPU.Deploy.0 = Release|Any CPU
		{B5DD05AC-A28D-477D-AF70-505D551C413B}.Debug|Any CPU.ActiveCfg = Debug|Any CPU
		{B5DD05AC-A28D-477D-AF70-505D551C413B}.Debug|Any CPU.Build.0 = Debug|Any CPU
		{B5DD05AC-A28D-477D-AF70-505D551C413B}.Debug|Any CPU.Deploy.0 = Debug|Any CPU
		{B5DD05AC-A28D-477D-AF70-505D551C413B}.Release|Any CPU.ActiveCfg = Release|Any CPU
		{B5DD05AC-A28D-477D-AF70-505D551C413B}.Release|Any CPU.Build.0 = Release|Any CPU
		{B5DD05AC-A28D-477D-AF70-505D551C413B}.Release|Any CPU.Deploy.0 = Release|Any CPU
	EndGlobalSection
	GlobalSection(SolutionProperties) = preSolution
		HideSolutionNode = FALSE
	EndGlobalSection
	GlobalSection(ExtensibilityGlobals) = postSolution
		SolutionGuid = {D6865441-B32A-4E52-94CA-8D025BAD3F12}
	EndGlobalSection
EndGlobal
