
Microsoft Visual Studio Solution File, Format Version 12.00
# Visual Studio 15
VisualStudioVersion = 15.0.28010.2036
MinimumVisualStudioVersion = 10.0.40219.1
Project("{FAE04EC0-301F-11D3-BF4B-00C04F79EFBC}") = "NwindService", "NwindService\NwindService.csproj", "{46E618DD-B2C3-4666-A86D-DB1336C32225}"
EndProject
Project("{FAE04EC0-301F-11D3-BF4B-00C04F79EFBC}") = "Host", "Host\Host.csproj", "{C581731E-3B38-453C-8749-C920DD1E15E7}"
EndProject
Global
	GlobalSection(SolutionConfigurationPlatforms) = preSolution
		Debug|Any CPU = Debug|Any CPU
		Release|Any CPU = Release|Any CPU
	EndGlobalSection
	GlobalSection(ProjectConfigurationPlatforms) = postSolution
		{46E618DD-B2C3-4666-A86D-DB1336C32225}.Debug|Any CPU.ActiveCfg = Debug|Any CPU
		{46E618DD-B2C3-4666-A86D-DB1336C32225}.Debug|Any CPU.Build.0 = Debug|Any CPU
		{46E618DD-B2C3-4666-A86D-DB1336C32225}.Release|Any CPU.ActiveCfg = Release|Any CPU
		{46E618DD-B2C3-4666-A86D-DB1336C32225}.Release|Any CPU.Build.0 = Release|Any CPU
		{C581731E-3B38-453C-8749-C920DD1E15E7}.Debug|Any CPU.ActiveCfg = Debug|Any CPU
		{C581731E-3B38-453C-8749-C920DD1E15E7}.Debug|Any CPU.Build.0 = Debug|Any CPU
		{C581731E-3B38-453C-8749-C920DD1E15E7}.Release|Any CPU.ActiveCfg = Release|Any CPU
		{C581731E-3B38-453C-8749-C920DD1E15E7}.Release|Any CPU.Build.0 = Release|Any CPU
	EndGlobalSection
	GlobalSection(SolutionProperties) = preSolution
		HideSolutionNode = FALSE
	EndGlobalSection
	GlobalSection(ExtensibilityGlobals) = postSolution
		SolutionGuid = {55F5461E-2C9E-4938-956E-72016FEF222A}
	EndGlobalSection
EndGlobal
