
Microsoft Visual Studio Solution File, Format Version 12.00
# Visual Studio 15
VisualStudioVersion = 15.0.28010.2016
MinimumVisualStudioVersion = 10.0.40219.1
Project("{FAE04EC0-301F-11D3-BF4B-00C04F79EFBC}") = "ConferenceMVVM.Android", "ConferenceMVVM\ConferenceMVVM.Android\ConferenceMVVM.Android.csproj", "{0E27A423-BC5F-45CB-AA68-5E1A95E4372C}"
EndProject
Project("{FAE04EC0-301F-11D3-BF4B-00C04F79EFBC}") = "ConferenceMVVM.iOS", "ConferenceMVVM\ConferenceMVVM.iOS\ConferenceMVVM.iOS.csproj", "{85E93847-EE32-4F39-BB9C-F4FADC4B9DAD}"
EndProject
Project("{FAE04EC0-301F-11D3-BF4B-00C04F79EFBC}") = "ConferenceMVVM.UWP", "ConferenceMVVM\ConferenceMVVM.UWP\ConferenceMVVM.UWP.csproj", "{80FBD29F-15FA-4ED9-A894-B95A1EA18376}"
EndProject
Project("{FAE04EC0-301F-11D3-BF4B-00C04F79EFBC}") = "ConferenceMVVM", "ConferenceMVVM\ConferenceMVVM\ConferenceMVVM.csproj", "{C0BE485D-532D-40FB-BD9B-630DD9FDC619}"
EndProject
Global
	GlobalSection(SolutionConfigurationPlatforms) = preSolution
		Ad-Hoc|Any CPU = Ad-Hoc|Any CPU
		Ad-Hoc|ARM = Ad-Hoc|ARM
		Ad-Hoc|iPhone = Ad-Hoc|iPhone
		Ad-Hoc|iPhoneSimulator = Ad-Hoc|iPhoneSimulator
		Ad-Hoc|x64 = Ad-Hoc|x64
		Ad-Hoc|x86 = Ad-Hoc|x86
		AppStore|Any CPU = AppStore|Any CPU
		AppStore|ARM = AppStore|ARM
		AppStore|iPhone = AppStore|iPhone
		AppStore|iPhoneSimulator = AppStore|iPhoneSimulator
		AppStore|x64 = AppStore|x64
		AppStore|x86 = AppStore|x86
		Debug|Any CPU = Debug|Any CPU
		Debug|ARM = Debug|ARM
		Debug|iPhone = Debug|iPhone
		Debug|iPhoneSimulator = Debug|iPhoneSimulator
		Debug|x64 = Debug|x64
		Debug|x86 = Debug|x86
		Release|Any CPU = Release|Any CPU
		Release|ARM = Release|ARM
		Release|iPhone = Release|iPhone
		Release|iPhoneSimulator = Release|iPhoneSimulator
		Release|x64 = Release|x64
		Release|x86 = Release|x86
	EndGlobalSection
	GlobalSection(ProjectConfigurationPlatforms) = postSolution
		{0E27A423-BC5F-45CB-AA68-5E1A95E4372C}.Ad-Hoc|Any CPU.ActiveCfg = Release|Any CPU
		{0E27A423-BC5F-45CB-AA68-5E1A95E4372C}.Ad-Hoc|Any CPU.Build.0 = Release|Any CPU
		{0E27A423-BC5F-45CB-AA68-5E1A95E4372C}.Ad-Hoc|Any CPU.Deploy.0 = Release|Any CPU
		{0E27A423-BC5F-45CB-AA68-5E1A95E4372C}.Ad-Hoc|ARM.ActiveCfg = Release|Any CPU
		{0E27A423-BC5F-45CB-AA68-5E1A95E4372C}.Ad-Hoc|ARM.Build.0 = Release|Any CPU
		{0E27A423-BC5F-45CB-AA68-5E1A95E4372C}.Ad-Hoc|ARM.Deploy.0 = Release|Any CPU
		{0E27A423-BC5F-45CB-AA68-5E1A95E4372C}.Ad-Hoc|iPhone.ActiveCfg = Release|Any CPU
		{0E27A423-BC5F-45CB-AA68-5E1A95E4372C}.Ad-Hoc|iPhone.Build.0 = Release|Any CPU
		{0E27A423-BC5F-45CB-AA68-5E1A95E4372C}.Ad-Hoc|iPhone.Deploy.0 = Release|Any CPU
		{0E27A423-BC5F-45CB-AA68-5E1A95E4372C}.Ad-Hoc|iPhoneSimulator.ActiveCfg = Release|Any CPU
		{0E27A423-BC5F-45CB-AA68-5E1A95E4372C}.Ad-Hoc|iPhoneSimulator.Build.0 = Release|Any CPU
		{0E27A423-BC5F-45CB-AA68-5E1A95E4372C}.Ad-Hoc|iPhoneSimulator.Deploy.0 = Release|Any CPU
		{0E27A423-BC5F-45CB-AA68-5E1A95E4372C}.Ad-Hoc|x64.ActiveCfg = Release|Any CPU
		{0E27A423-BC5F-45CB-AA68-5E1A95E4372C}.Ad-Hoc|x64.Build.0 = Release|Any CPU
		{0E27A423-BC5F-45CB-AA68-5E1A95E4372C}.Ad-Hoc|x64.Deploy.0 = Release|Any CPU
		{0E27A423-BC5F-45CB-AA68-5E1A95E4372C}.Ad-Hoc|x86.ActiveCfg = Release|Any CPU
		{0E27A423-BC5F-45CB-AA68-5E1A95E4372C}.Ad-Hoc|x86.Build.0 = Release|Any CPU
		{0E27A423-BC5F-45CB-AA68-5E1A95E4372C}.Ad-Hoc|x86.Deploy.0 = Release|Any CPU
		{0E27A423-BC5F-45CB-AA68-5E1A95E4372C}.AppStore|Any CPU.ActiveCfg = Release|Any CPU
		{0E27A423-BC5F-45CB-AA68-5E1A95E4372C}.AppStore|Any CPU.Build.0 = Release|Any CPU
		{0E27A423-BC5F-45CB-AA68-5E1A95E4372C}.AppStore|Any CPU.Deploy.0 = Release|Any CPU
		{0E27A423-BC5F-45CB-AA68-5E1A95E4372C}.AppStore|ARM.ActiveCfg = Release|Any CPU
		{0E27A423-BC5F-45CB-AA68-5E1A95E4372C}.AppStore|ARM.Build.0 = Release|Any CPU
		{0E27A423-BC5F-45CB-AA68-5E1A95E4372C}.AppStore|ARM.Deploy.0 = Release|Any CPU
		{0E27A423-BC5F-45CB-AA68-5E1A95E4372C}.AppStore|iPhone.ActiveCfg = Release|Any CPU
		{0E27A423-BC5F-45CB-AA68-5E1A95E4372C}.AppStore|iPhone.Build.0 = Release|Any CPU
		{0E27A423-BC5F-45CB-AA68-5E1A95E4372C}.AppStore|iPhone.Deploy.0 = Release|Any CPU
		{0E27A423-BC5F-45CB-AA68-5E1A95E4372C}.AppStore|iPhoneSimulator.ActiveCfg = Release|Any CPU
		{0E27A423-BC5F-45CB-AA68-5E1A95E4372C}.AppStore|iPhoneSimulator.Build.0 = Release|Any CPU
		{0E27A423-BC5F-45CB-AA68-5E1A95E4372C}.AppStore|iPhoneSimulator.Deploy.0 = Release|Any CPU
		{0E27A423-BC5F-45CB-AA68-5E1A95E4372C}.AppStore|x64.ActiveCfg = Release|Any CPU
		{0E27A423-BC5F-45CB-AA68-5E1A95E4372C}.AppStore|x64.Build.0 = Release|Any CPU
		{0E27A423-BC5F-45CB-AA68-5E1A95E4372C}.AppStore|x64.Deploy.0 = Release|Any CPU
		{0E27A423-BC5F-45CB-AA68-5E1A95E4372C}.AppStore|x86.ActiveCfg = Release|Any CPU
		{0E27A423-BC5F-45CB-AA68-5E1A95E4372C}.AppStore|x86.Build.0 = Release|Any CPU
		{0E27A423-BC5F-45CB-AA68-5E1A95E4372C}.AppStore|x86.Deploy.0 = Release|Any CPU
		{0E27A423-BC5F-45CB-AA68-5E1A95E4372C}.Debug|Any CPU.ActiveCfg = Debug|Any CPU
		{0E27A423-BC5F-45CB-AA68-5E1A95E4372C}.Debug|Any CPU.Build.0 = Debug|Any CPU
		{0E27A423-BC5F-45CB-AA68-5E1A95E4372C}.Debug|Any CPU.Deploy.0 = Debug|Any CPU
		{0E27A423-BC5F-45CB-AA68-5E1A95E4372C}.Debug|ARM.ActiveCfg = Debug|Any CPU
		{0E27A423-BC5F-45CB-AA68-5E1A95E4372C}.Debug|ARM.Build.0 = Debug|Any CPU
		{0E27A423-BC5F-45CB-AA68-5E1A95E4372C}.Debug|ARM.Deploy.0 = Debug|Any CPU
		{0E27A423-BC5F-45CB-AA68-5E1A95E4372C}.Debug|iPhone.ActiveCfg = Debug|Any CPU
		{0E27A423-BC5F-45CB-AA68-5E1A95E4372C}.Debug|iPhone.Build.0 = Debug|Any CPU
		{0E27A423-BC5F-45CB-AA68-5E1A95E4372C}.Debug|iPhone.Deploy.0 = Debug|Any CPU
		{0E27A423-BC5F-45CB-AA68-5E1A95E4372C}.Debug|iPhoneSimulator.ActiveCfg = Debug|Any CPU
		{0E27A423-BC5F-45CB-AA68-5E1A95E4372C}.Debug|iPhoneSimulator.Build.0 = Debug|Any CPU
		{0E27A423-BC5F-45CB-AA68-5E1A95E4372C}.Debug|iPhoneSimulator.Deploy.0 = Debug|Any CPU
		{0E27A423-BC5F-45CB-AA68-5E1A95E4372C}.Debug|x64.ActiveCfg = Debug|Any CPU
		{0E27A423-BC5F-45CB-AA68-5E1A95E4372C}.Debug|x64.Build.0 = Debug|Any CPU
		{0E27A423-BC5F-45CB-AA68-5E1A95E4372C}.Debug|x64.Deploy.0 = Debug|Any CPU
		{0E27A423-BC5F-45CB-AA68-5E1A95E4372C}.Debug|x86.ActiveCfg = Debug|Any CPU
		{0E27A423-BC5F-45CB-AA68-5E1A95E4372C}.Debug|x86.Build.0 = Debug|Any CPU
		{0E27A423-BC5F-45CB-AA68-5E1A95E4372C}.Debug|x86.Deploy.0 = Debug|Any CPU
		{0E27A423-BC5F-45CB-AA68-5E1A95E4372C}.Release|Any CPU.ActiveCfg = Release|Any CPU
		{0E27A423-BC5F-45CB-AA68-5E1A95E4372C}.Release|Any CPU.Build.0 = Release|Any CPU
		{0E27A423-BC5F-45CB-AA68-5E1A95E4372C}.Release|Any CPU.Deploy.0 = Release|Any CPU
		{0E27A423-BC5F-45CB-AA68-5E1A95E4372C}.Release|ARM.ActiveCfg = Release|Any CPU
		{0E27A423-BC5F-45CB-AA68-5E1A95E4372C}.Release|ARM.Build.0 = Release|Any CPU
		{0E27A423-BC5F-45CB-AA68-5E1A95E4372C}.Release|ARM.Deploy.0 = Release|Any CPU
		{0E27A423-BC5F-45CB-AA68-5E1A95E4372C}.Release|iPhone.ActiveCfg = Release|Any CPU
		{0E27A423-BC5F-45CB-AA68-5E1A95E4372C}.Release|iPhone.Build.0 = Release|Any CPU
		{0E27A423-BC5F-45CB-AA68-5E1A95E4372C}.Release|iPhone.Deploy.0 = Release|Any CPU
		{0E27A423-BC5F-45CB-AA68-5E1A95E4372C}.Release|iPhoneSimulator.ActiveCfg = Release|Any CPU
		{0E27A423-BC5F-45CB-AA68-5E1A95E4372C}.Release|iPhoneSimulator.Build.0 = Release|Any CPU
		{0E27A423-BC5F-45CB-AA68-5E1A95E4372C}.Release|iPhoneSimulator.Deploy.0 = Release|Any CPU
		{0E27A423-BC5F-45CB-AA68-5E1A95E4372C}.Release|x64.ActiveCfg = Release|Any CPU
		{0E27A423-BC5F-45CB-AA68-5E1A95E4372C}.Release|x64.Build.0 = Release|Any CPU
		{0E27A423-BC5F-45CB-AA68-5E1A95E4372C}.Release|x64.Deploy.0 = Release|Any CPU
		{0E27A423-BC5F-45CB-AA68-5E1A95E4372C}.Release|x86.ActiveCfg = Release|Any CPU
		{0E27A423-BC5F-45CB-AA68-5E1A95E4372C}.Release|x86.Build.0 = Release|Any CPU
		{0E27A423-BC5F-45CB-AA68-5E1A95E4372C}.Release|x86.Deploy.0 = Release|Any CPU
		{85E93847-EE32-4F39-BB9C-F4FADC4B9DAD}.Ad-Hoc|Any CPU.ActiveCfg = Ad-Hoc|iPhone
		{85E93847-EE32-4F39-BB9C-F4FADC4B9DAD}.Ad-Hoc|Any CPU.Build.0 = Ad-Hoc|iPhone
		{85E93847-EE32-4F39-BB9C-F4FADC4B9DAD}.Ad-Hoc|Any CPU.Deploy.0 = Ad-Hoc|iPhone
		{85E93847-EE32-4F39-BB9C-F4FADC4B9DAD}.Ad-Hoc|ARM.ActiveCfg = Ad-Hoc|iPhone
		{85E93847-EE32-4F39-BB9C-F4FADC4B9DAD}.Ad-Hoc|ARM.Build.0 = Ad-Hoc|iPhone
		{85E93847-EE32-4F39-BB9C-F4FADC4B9DAD}.Ad-Hoc|ARM.Deploy.0 = Ad-Hoc|iPhone
		{85E93847-EE32-4F39-BB9C-F4FADC4B9DAD}.Ad-Hoc|iPhone.ActiveCfg = Ad-Hoc|iPhone
		{85E93847-EE32-4F39-BB9C-F4FADC4B9DAD}.Ad-Hoc|iPhone.Build.0 = Ad-Hoc|iPhone
		{85E93847-EE32-4F39-BB9C-F4FADC4B9DAD}.Ad-Hoc|iPhone.Deploy.0 = Ad-Hoc|iPhone
		{85E93847-EE32-4F39-BB9C-F4FADC4B9DAD}.Ad-Hoc|iPhoneSimulator.ActiveCfg = Ad-Hoc|iPhoneSimulator
		{85E93847-EE32-4F39-BB9C-F4FADC4B9DAD}.Ad-Hoc|iPhoneSimulator.Build.0 = Ad-Hoc|iPhoneSimulator
		{85E93847-EE32-4F39-BB9C-F4FADC4B9DAD}.Ad-Hoc|iPhoneSimulator.Deploy.0 = Ad-Hoc|iPhoneSimulator
		{85E93847-EE32-4F39-BB9C-F4FADC4B9DAD}.Ad-Hoc|x64.ActiveCfg = Ad-Hoc|iPhone
		{85E93847-EE32-4F39-BB9C-F4FADC4B9DAD}.Ad-Hoc|x64.Build.0 = Ad-Hoc|iPhone
		{85E93847-EE32-4F39-BB9C-F4FADC4B9DAD}.Ad-Hoc|x64.Deploy.0 = Ad-Hoc|iPhone
		{85E93847-EE32-4F39-BB9C-F4FADC4B9DAD}.Ad-Hoc|x86.ActiveCfg = Ad-Hoc|iPhone
		{85E93847-EE32-4F39-BB9C-F4FADC4B9DAD}.Ad-Hoc|x86.Build.0 = Ad-Hoc|iPhone
		{85E93847-EE32-4F39-BB9C-F4FADC4B9DAD}.Ad-Hoc|x86.Deploy.0 = Ad-Hoc|iPhone
		{85E93847-EE32-4F39-BB9C-F4FADC4B9DAD}.AppStore|Any CPU.ActiveCfg = AppStore|iPhone
		{85E93847-EE32-4F39-BB9C-F4FADC4B9DAD}.AppStore|Any CPU.Build.0 = AppStore|iPhone
		{85E93847-EE32-4F39-BB9C-F4FADC4B9DAD}.AppStore|Any CPU.Deploy.0 = AppStore|iPhone
		{85E93847-EE32-4F39-BB9C-F4FADC4B9DAD}.AppStore|ARM.ActiveCfg = AppStore|iPhone
		{85E93847-EE32-4F39-BB9C-F4FADC4B9DAD}.AppStore|ARM.Build.0 = AppStore|iPhone
		{85E93847-EE32-4F39-BB9C-F4FADC4B9DAD}.AppStore|ARM.Deploy.0 = AppStore|iPhone
		{85E93847-EE32-4F39-BB9C-F4FADC4B9DAD}.AppStore|iPhone.ActiveCfg = AppStore|iPhone
		{85E93847-EE32-4F39-BB9C-F4FADC4B9DAD}.AppStore|iPhone.Build.0 = AppStore|iPhone
		{85E93847-EE32-4F39-BB9C-F4FADC4B9DAD}.AppStore|iPhone.Deploy.0 = AppStore|iPhone
		{85E93847-EE32-4F39-BB9C-F4FADC4B9DAD}.AppStore|iPhoneSimulator.ActiveCfg = AppStore|iPhoneSimulator
		{85E93847-EE32-4F39-BB9C-F4FADC4B9DAD}.AppStore|iPhoneSimulator.Build.0 = AppStore|iPhoneSimulator
		{85E93847-EE32-4F39-BB9C-F4FADC4B9DAD}.AppStore|iPhoneSimulator.Deploy.0 = AppStore|iPhoneSimulator
		{85E93847-EE32-4F39-BB9C-F4FADC4B9DAD}.AppStore|x64.ActiveCfg = AppStore|iPhone
		{85E93847-EE32-4F39-BB9C-F4FADC4B9DAD}.AppStore|x64.Build.0 = AppStore|iPhone
		{85E93847-EE32-4F39-BB9C-F4FADC4B9DAD}.AppStore|x64.Deploy.0 = AppStore|iPhone
		{85E93847-EE32-4F39-BB9C-F4FADC4B9DAD}.AppStore|x86.ActiveCfg = AppStore|iPhone
		{85E93847-EE32-4F39-BB9C-F4FADC4B9DAD}.AppStore|x86.Build.0 = AppStore|iPhone
		{85E93847-EE32-4F39-BB9C-F4FADC4B9DAD}.AppStore|x86.Deploy.0 = AppStore|iPhone
		{85E93847-EE32-4F39-BB9C-F4FADC4B9DAD}.Debug|Any CPU.ActiveCfg = Debug|iPhoneSimulator
		{85E93847-EE32-4F39-BB9C-F4FADC4B9DAD}.Debug|Any CPU.Build.0 = Debug|iPhoneSimulator
		{85E93847-EE32-4F39-BB9C-F4FADC4B9DAD}.Debug|Any CPU.Deploy.0 = Debug|iPhoneSimulator
		{85E93847-EE32-4F39-BB9C-F4FADC4B9DAD}.Debug|ARM.ActiveCfg = Debug|iPhone
		{85E93847-EE32-4F39-BB9C-F4FADC4B9DAD}.Debug|ARM.Build.0 = Debug|iPhone
		{85E93847-EE32-4F39-BB9C-F4FADC4B9DAD}.Debug|ARM.Deploy.0 = Debug|iPhone
		{85E93847-EE32-4F39-BB9C-F4FADC4B9DAD}.Debug|iPhone.ActiveCfg = Debug|iPhone
		{85E93847-EE32-4F39-BB9C-F4FADC4B9DAD}.Debug|iPhone.Build.0 = Debug|iPhone
		{85E93847-EE32-4F39-BB9C-F4FADC4B9DAD}.Debug|iPhone.Deploy.0 = Debug|iPhone
		{85E93847-EE32-4F39-BB9C-F4FADC4B9DAD}.Debug|iPhoneSimulator.ActiveCfg = Debug|iPhoneSimulator
		{85E93847-EE32-4F39-BB9C-F4FADC4B9DAD}.Debug|iPhoneSimulator.Build.0 = Debug|iPhoneSimulator
		{85E93847-EE32-4F39-BB9C-F4FADC4B9DAD}.Debug|iPhoneSimulator.Deploy.0 = Debug|iPhoneSimulator
		{85E93847-EE32-4F39-BB9C-F4FADC4B9DAD}.Debug|x64.ActiveCfg = Debug|iPhone
		{85E93847-EE32-4F39-BB9C-F4FADC4B9DAD}.Debug|x64.Build.0 = Debug|iPhone
		{85E93847-EE32-4F39-BB9C-F4FADC4B9DAD}.Debug|x64.Deploy.0 = Debug|iPhone
		{85E93847-EE32-4F39-BB9C-F4FADC4B9DAD}.Debug|x86.ActiveCfg = Debug|iPhone
		{85E93847-EE32-4F39-BB9C-F4FADC4B9DAD}.Debug|x86.Build.0 = Debug|iPhone
		{85E93847-EE32-4F39-BB9C-F4FADC4B9DAD}.Debug|x86.Deploy.0 = Debug|iPhone
		{85E93847-EE32-4F39-BB9C-F4FADC4B9DAD}.Release|Any CPU.ActiveCfg = Release|iPhone
		{85E93847-EE32-4F39-BB9C-F4FADC4B9DAD}.Release|Any CPU.Build.0 = Release|iPhone
		{85E93847-EE32-4F39-BB9C-F4FADC4B9DAD}.Release|Any CPU.Deploy.0 = Release|iPhone
		{85E93847-EE32-4F39-BB9C-F4FADC4B9DAD}.Release|ARM.ActiveCfg = Release|iPhone
		{85E93847-EE32-4F39-BB9C-F4FADC4B9DAD}.Release|ARM.Build.0 = Release|iPhone
		{85E93847-EE32-4F39-BB9C-F4FADC4B9DAD}.Release|ARM.Deploy.0 = Release|iPhone
		{85E93847-EE32-4F39-BB9C-F4FADC4B9DAD}.Release|iPhone.ActiveCfg = Release|iPhone
		{85E93847-EE32-4F39-BB9C-F4FADC4B9DAD}.Release|iPhone.Build.0 = Release|iPhone
		{85E93847-EE32-4F39-BB9C-F4FADC4B9DAD}.Release|iPhone.Deploy.0 = Release|iPhone
		{85E93847-EE32-4F39-BB9C-F4FADC4B9DAD}.Release|iPhoneSimulator.ActiveCfg = Release|iPhoneSimulator
		{85E93847-EE32-4F39-BB9C-F4FADC4B9DAD}.Release|iPhoneSimulator.Build.0 = Release|iPhoneSimulator
		{85E93847-EE32-4F39-BB9C-F4FADC4B9DAD}.Release|iPhoneSimulator.Deploy.0 = Release|iPhoneSimulator
		{85E93847-EE32-4F39-BB9C-F4FADC4B9DAD}.Release|x64.ActiveCfg = Release|iPhone
		{85E93847-EE32-4F39-BB9C-F4FADC4B9DAD}.Release|x64.Build.0 = Release|iPhone
		{85E93847-EE32-4F39-BB9C-F4FADC4B9DAD}.Release|x64.Deploy.0 = Release|iPhone
		{85E93847-EE32-4F39-BB9C-F4FADC4B9DAD}.Release|x86.ActiveCfg = Release|iPhone
		{85E93847-EE32-4F39-BB9C-F4FADC4B9DAD}.Release|x86.Build.0 = Release|iPhone
		{85E93847-EE32-4F39-BB9C-F4FADC4B9DAD}.Release|x86.Deploy.0 = Release|iPhone
		{80FBD29F-15FA-4ED9-A894-B95A1EA18376}.Ad-Hoc|Any CPU.ActiveCfg = Release|x86
		{80FBD29F-15FA-4ED9-A894-B95A1EA18376}.Ad-Hoc|Any CPU.Build.0 = Release|x86
		{80FBD29F-15FA-4ED9-A894-B95A1EA18376}.Ad-Hoc|Any CPU.Deploy.0 = Release|x86
		{80FBD29F-15FA-4ED9-A894-B95A1EA18376}.Ad-Hoc|ARM.ActiveCfg = Release|ARM
		{80FBD29F-15FA-4ED9-A894-B95A1EA18376}.Ad-Hoc|ARM.Build.0 = Release|ARM
		{80FBD29F-15FA-4ED9-A894-B95A1EA18376}.Ad-Hoc|ARM.Deploy.0 = Release|ARM
		{80FBD29F-15FA-4ED9-A894-B95A1EA18376}.Ad-Hoc|iPhone.ActiveCfg = Release|x86
		{80FBD29F-15FA-4ED9-A894-B95A1EA18376}.Ad-Hoc|iPhone.Build.0 = Release|x86
		{80FBD29F-15FA-4ED9-A894-B95A1EA18376}.Ad-Hoc|iPhone.Deploy.0 = Release|x86
		{80FBD29F-15FA-4ED9-A894-B95A1EA18376}.Ad-Hoc|iPhoneSimulator.ActiveCfg = Release|x86
		{80FBD29F-15FA-4ED9-A894-B95A1EA18376}.Ad-Hoc|iPhoneSimulator.Build.0 = Release|x86
		{80FBD29F-15FA-4ED9-A894-B95A1EA18376}.Ad-Hoc|iPhoneSimulator.Deploy.0 = Release|x86
		{80FBD29F-15FA-4ED9-A894-B95A1EA18376}.Ad-Hoc|x64.ActiveCfg = Release|x64
		{80FBD29F-15FA-4ED9-A894-B95A1EA18376}.Ad-Hoc|x64.Build.0 = Release|x64
		{80FBD29F-15FA-4ED9-A894-B95A1EA18376}.Ad-Hoc|x64.Deploy.0 = Release|x64
		{80FBD29F-15FA-4ED9-A894-B95A1EA18376}.Ad-Hoc|x86.ActiveCfg = Release|x86
		{80FBD29F-15FA-4ED9-A894-B95A1EA18376}.Ad-Hoc|x86.Build.0 = Release|x86
		{80FBD29F-15FA-4ED9-A894-B95A1EA18376}.Ad-Hoc|x86.Deploy.0 = Release|x86
		{80FBD29F-15FA-4ED9-A894-B95A1EA18376}.AppStore|Any CPU.ActiveCfg = Release|x86
		{80FBD29F-15FA-4ED9-A894-B95A1EA18376}.AppStore|Any CPU.Build.0 = Release|x86
		{80FBD29F-15FA-4ED9-A894-B95A1EA18376}.AppStore|Any CPU.Deploy.0 = Release|x86
		{80FBD29F-15FA-4ED9-A894-B95A1EA18376}.AppStore|ARM.ActiveCfg = Release|ARM
		{80FBD29F-15FA-4ED9-A894-B95A1EA18376}.AppStore|ARM.Build.0 = Release|ARM
		{80FBD29F-15FA-4ED9-A894-B95A1EA18376}.AppStore|ARM.Deploy.0 = Release|ARM
		{80FBD29F-15FA-4ED9-A894-B95A1EA18376}.AppStore|iPhone.ActiveCfg = Release|x86
		{80FBD29F-15FA-4ED9-A894-B95A1EA18376}.AppStore|iPhone.Build.0 = Release|x86
		{80FBD29F-15FA-4ED9-A894-B95A1EA18376}.AppStore|iPhone.Deploy.0 = Release|x86
		{80FBD29F-15FA-4ED9-A894-B95A1EA18376}.AppStore|iPhoneSimulator.ActiveCfg = Release|x86
		{80FBD29F-15FA-4ED9-A894-B95A1EA18376}.AppStore|iPhoneSimulator.Build.0 = Release|x86
		{80FBD29F-15FA-4ED9-A894-B95A1EA18376}.AppStore|iPhoneSimulator.Deploy.0 = Release|x86
		{80FBD29F-15FA-4ED9-A894-B95A1EA18376}.AppStore|x64.ActiveCfg = Release|x64
		{80FBD29F-15FA-4ED9-A894-B95A1EA18376}.AppStore|x64.Build.0 = Release|x64
		{80FBD29F-15FA-4ED9-A894-B95A1EA18376}.AppStore|x64.Deploy.0 = Release|x64
		{80FBD29F-15FA-4ED9-A894-B95A1EA18376}.AppStore|x86.ActiveCfg = Release|x86
		{80FBD29F-15FA-4ED9-A894-B95A1EA18376}.AppStore|x86.Build.0 = Release|x86
		{80FBD29F-15FA-4ED9-A894-B95A1EA18376}.AppStore|x86.Deploy.0 = Release|x86
		{80FBD29F-15FA-4ED9-A894-B95A1EA18376}.Debug|Any CPU.ActiveCfg = Debug|x86
		{80FBD29F-15FA-4ED9-A894-B95A1EA18376}.Debug|Any CPU.Build.0 = Debug|x86
		{80FBD29F-15FA-4ED9-A894-B95A1EA18376}.Debug|Any CPU.Deploy.0 = Debug|x86
		{80FBD29F-15FA-4ED9-A894-B95A1EA18376}.Debug|ARM.ActiveCfg = Debug|ARM
		{80FBD29F-15FA-4ED9-A894-B95A1EA18376}.Debug|ARM.Build.0 = Debug|ARM
		{80FBD29F-15FA-4ED9-A894-B95A1EA18376}.Debug|ARM.Deploy.0 = Debug|ARM
		{80FBD29F-15FA-4ED9-A894-B95A1EA18376}.Debug|iPhone.ActiveCfg = Debug|x86
		{80FBD29F-15FA-4ED9-A894-B95A1EA18376}.Debug|iPhone.Build.0 = Debug|x86
		{80FBD29F-15FA-4ED9-A894-B95A1EA18376}.Debug|iPhone.Deploy.0 = Debug|x86
		{80FBD29F-15FA-4ED9-A894-B95A1EA18376}.Debug|iPhoneSimulator.ActiveCfg = Debug|x86
		{80FBD29F-15FA-4ED9-A894-B95A1EA18376}.Debug|iPhoneSimulator.Build.0 = Debug|x86
		{80FBD29F-15FA-4ED9-A894-B95A1EA18376}.Debug|iPhoneSimulator.Deploy.0 = Debug|x86
		{80FBD29F-15FA-4ED9-A894-B95A1EA18376}.Debug|x64.ActiveCfg = Debug|x64
		{80FBD29F-15FA-4ED9-A894-B95A1EA18376}.Debug|x64.Build.0 = Debug|x64
		{80FBD29F-15FA-4ED9-A894-B95A1EA18376}.Debug|x64.Deploy.0 = Debug|x64
		{80FBD29F-15FA-4ED9-A894-B95A1EA18376}.Debug|x86.ActiveCfg = Debug|x86
		{80FBD29F-15FA-4ED9-A894-B95A1EA18376}.Debug|x86.Build.0 = Debug|x86
		{80FBD29F-15FA-4ED9-A894-B95A1EA18376}.Debug|x86.Deploy.0 = Debug|x86
		{80FBD29F-15FA-4ED9-A894-B95A1EA18376}.Release|Any CPU.ActiveCfg = Release|x86
		{80FBD29F-15FA-4ED9-A894-B95A1EA18376}.Release|Any CPU.Build.0 = Release|x86
		{80FBD29F-15FA-4ED9-A894-B95A1EA18376}.Release|Any CPU.Deploy.0 = Release|x86
		{80FBD29F-15FA-4ED9-A894-B95A1EA18376}.Release|ARM.ActiveCfg = Release|ARM
		{80FBD29F-15FA-4ED9-A894-B95A1EA18376}.Release|ARM.Build.0 = Release|ARM
		{80FBD29F-15FA-4ED9-A894-B95A1EA18376}.Release|ARM.Deploy.0 = Release|ARM
		{80FBD29F-15FA-4ED9-A894-B95A1EA18376}.Release|iPhone.ActiveCfg = Release|x86
		{80FBD29F-15FA-4ED9-A894-B95A1EA18376}.Release|iPhone.Build.0 = Release|x86
		{80FBD29F-15FA-4ED9-A894-B95A1EA18376}.Release|iPhone.Deploy.0 = Release|x86
		{80FBD29F-15FA-4ED9-A894-B95A1EA18376}.Release|iPhoneSimulator.ActiveCfg = Release|x86
		{80FBD29F-15FA-4ED9-A894-B95A1EA18376}.Release|iPhoneSimulator.Build.0 = Release|x86
		{80FBD29F-15FA-4ED9-A894-B95A1EA18376}.Release|iPhoneSimulator.Deploy.0 = Release|x86
		{80FBD29F-15FA-4ED9-A894-B95A1EA18376}.Release|x64.ActiveCfg = Release|x64
		{80FBD29F-15FA-4ED9-A894-B95A1EA18376}.Release|x64.Build.0 = Release|x64
		{80FBD29F-15FA-4ED9-A894-B95A1EA18376}.Release|x64.Deploy.0 = Release|x64
		{80FBD29F-15FA-4ED9-A894-B95A1EA18376}.Release|x86.ActiveCfg = Release|x86
		{80FBD29F-15FA-4ED9-A894-B95A1EA18376}.Release|x86.Build.0 = Release|x86
		{80FBD29F-15FA-4ED9-A894-B95A1EA18376}.Release|x86.Deploy.0 = Release|x86
		{C0BE485D-532D-40FB-BD9B-630DD9FDC619}.Ad-Hoc|Any CPU.ActiveCfg = Debug|Any CPU
		{C0BE485D-532D-40FB-BD9B-630DD9FDC619}.Ad-Hoc|Any CPU.Build.0 = Debug|Any CPU
		{C0BE485D-532D-40FB-BD9B-630DD9FDC619}.Ad-Hoc|Any CPU.Deploy.0 = Debug|Any CPU
		{C0BE485D-532D-40FB-BD9B-630DD9FDC619}.Ad-Hoc|ARM.ActiveCfg = Debug|Any CPU
		{C0BE485D-532D-40FB-BD9B-630DD9FDC619}.Ad-Hoc|ARM.Build.0 = Debug|Any CPU
		{C0BE485D-532D-40FB-BD9B-630DD9FDC619}.Ad-Hoc|ARM.Deploy.0 = Debug|Any CPU
		{C0BE485D-532D-40FB-BD9B-630DD9FDC619}.Ad-Hoc|iPhone.ActiveCfg = Debug|Any CPU
		{C0BE485D-532D-40FB-BD9B-630DD9FDC619}.Ad-Hoc|iPhone.Build.0 = Debug|Any CPU
		{C0BE485D-532D-40FB-BD9B-630DD9FDC619}.Ad-Hoc|iPhone.Deploy.0 = Debug|Any CPU
		{C0BE485D-532D-40FB-BD9B-630DD9FDC619}.Ad-Hoc|iPhoneSimulator.ActiveCfg = Debug|Any CPU
		{C0BE485D-532D-40FB-BD9B-630DD9FDC619}.Ad-Hoc|iPhoneSimulator.Build.0 = Debug|Any CPU
		{C0BE485D-532D-40FB-BD9B-630DD9FDC619}.Ad-Hoc|iPhoneSimulator.Deploy.0 = Debug|Any CPU
		{C0BE485D-532D-40FB-BD9B-630DD9FDC619}.Ad-Hoc|x64.ActiveCfg = Debug|Any CPU
		{C0BE485D-532D-40FB-BD9B-630DD9FDC619}.Ad-Hoc|x64.Build.0 = Debug|Any CPU
		{C0BE485D-532D-40FB-BD9B-630DD9FDC619}.Ad-Hoc|x64.Deploy.0 = Debug|Any CPU
		{C0BE485D-532D-40FB-BD9B-630DD9FDC619}.Ad-Hoc|x86.ActiveCfg = Debug|Any CPU
		{C0BE485D-532D-40FB-BD9B-630DD9FDC619}.Ad-Hoc|x86.Build.0 = Debug|Any CPU
		{C0BE485D-532D-40FB-BD9B-630DD9FDC619}.Ad-Hoc|x86.Deploy.0 = Debug|Any CPU
		{C0BE485D-532D-40FB-BD9B-630DD9FDC619}.AppStore|Any CPU.ActiveCfg = Debug|Any CPU
		{C0BE485D-532D-40FB-BD9B-630DD9FDC619}.AppStore|Any CPU.Build.0 = Debug|Any CPU
		{C0BE485D-532D-40FB-BD9B-630DD9FDC619}.AppStore|Any CPU.Deploy.0 = Debug|Any CPU
		{C0BE485D-532D-40FB-BD9B-630DD9FDC619}.AppStore|ARM.ActiveCfg = Debug|Any CPU
		{C0BE485D-532D-40FB-BD9B-630DD9FDC619}.AppStore|ARM.Build.0 = Debug|Any CPU
		{C0BE485D-532D-40FB-BD9B-630DD9FDC619}.AppStore|ARM.Deploy.0 = Debug|Any CPU
		{C0BE485D-532D-40FB-BD9B-630DD9FDC619}.AppStore|iPhone.ActiveCfg = Debug|Any CPU
		{C0BE485D-532D-40FB-BD9B-630DD9FDC619}.AppStore|iPhone.Build.0 = Debug|Any CPU
		{C0BE485D-532D-40FB-BD9B-630DD9FDC619}.AppStore|iPhone.Deploy.0 = Debug|Any CPU
		{C0BE485D-532D-40FB-BD9B-630DD9FDC619}.AppStore|iPhoneSimulator.ActiveCfg = Debug|Any CPU
		{C0BE485D-532D-40FB-BD9B-630DD9FDC619}.AppStore|iPhoneSimulator.Build.0 = Debug|Any CPU
		{C0BE485D-532D-40FB-BD9B-630DD9FDC619}.AppStore|iPhoneSimulator.Deploy.0 = Debug|Any CPU
		{C0BE485D-532D-40FB-BD9B-630DD9FDC619}.AppStore|x64.ActiveCfg = Debug|Any CPU
		{C0BE485D-532D-40FB-BD9B-630DD9FDC619}.AppStore|x64.Build.0 = Debug|Any CPU
		{C0BE485D-532D-40FB-BD9B-630DD9FDC619}.AppStore|x64.Deploy.0 = Debug|Any CPU
		{C0BE485D-532D-40FB-BD9B-630DD9FDC619}.AppStore|x86.ActiveCfg = Debug|Any CPU
		{C0BE485D-532D-40FB-BD9B-630DD9FDC619}.AppStore|x86.Build.0 = Debug|Any CPU
		{C0BE485D-532D-40FB-BD9B-630DD9FDC619}.AppStore|x86.Deploy.0 = Debug|Any CPU
		{C0BE485D-532D-40FB-BD9B-630DD9FDC619}.Debug|Any CPU.ActiveCfg = Debug|Any CPU
		{C0BE485D-532D-40FB-BD9B-630DD9FDC619}.Debug|Any CPU.Build.0 = Debug|Any CPU
		{C0BE485D-532D-40FB-BD9B-630DD9FDC619}.Debug|Any CPU.Deploy.0 = Debug|Any CPU
		{C0BE485D-532D-40FB-BD9B-630DD9FDC619}.Debug|ARM.ActiveCfg = Debug|Any CPU
		{C0BE485D-532D-40FB-BD9B-630DD9FDC619}.Debug|ARM.Build.0 = Debug|Any CPU
		{C0BE485D-532D-40FB-BD9B-630DD9FDC619}.Debug|ARM.Deploy.0 = Debug|Any CPU
		{C0BE485D-532D-40FB-BD9B-630DD9FDC619}.Debug|iPhone.ActiveCfg = Debug|Any CPU
		{C0BE485D-532D-40FB-BD9B-630DD9FDC619}.Debug|iPhone.Build.0 = Debug|Any CPU
		{C0BE485D-532D-40FB-BD9B-630DD9FDC619}.Debug|iPhone.Deploy.0 = Debug|Any CPU
		{C0BE485D-532D-40FB-BD9B-630DD9FDC619}.Debug|iPhoneSimulator.ActiveCfg = Debug|Any CPU
		{C0BE485D-532D-40FB-BD9B-630DD9FDC619}.Debug|iPhoneSimulator.Build.0 = Debug|Any CPU
		{C0BE485D-532D-40FB-BD9B-630DD9FDC619}.Debug|iPhoneSimulator.Deploy.0 = Debug|Any CPU
		{C0BE485D-532D-40FB-BD9B-630DD9FDC619}.Debug|x64.ActiveCfg = Debug|Any CPU
		{C0BE485D-532D-40FB-BD9B-630DD9FDC619}.Debug|x64.Build.0 = Debug|Any CPU
		{C0BE485D-532D-40FB-BD9B-630DD9FDC619}.Debug|x64.Deploy.0 = Debug|Any CPU
		{C0BE485D-532D-40FB-BD9B-630DD9FDC619}.Debug|x86.ActiveCfg = Debug|Any CPU
		{C0BE485D-532D-40FB-BD9B-630DD9FDC619}.Debug|x86.Build.0 = Debug|Any CPU
		{C0BE485D-532D-40FB-BD9B-630DD9FDC619}.Debug|x86.Deploy.0 = Debug|Any CPU
		{C0BE485D-532D-40FB-BD9B-630DD9FDC619}.Release|Any CPU.ActiveCfg = Release|Any CPU
		{C0BE485D-532D-40FB-BD9B-630DD9FDC619}.Release|Any CPU.Build.0 = Release|Any CPU
		{C0BE485D-532D-40FB-BD9B-630DD9FDC619}.Release|Any CPU.Deploy.0 = Release|Any CPU
		{C0BE485D-532D-40FB-BD9B-630DD9FDC619}.Release|ARM.ActiveCfg = Release|Any CPU
		{C0BE485D-532D-40FB-BD9B-630DD9FDC619}.Release|ARM.Build.0 = Release|Any CPU
		{C0BE485D-532D-40FB-BD9B-630DD9FDC619}.Release|ARM.Deploy.0 = Release|Any CPU
		{C0BE485D-532D-40FB-BD9B-630DD9FDC619}.Release|iPhone.ActiveCfg = Release|Any CPU
		{C0BE485D-532D-40FB-BD9B-630DD9FDC619}.Release|iPhone.Build.0 = Release|Any CPU
		{C0BE485D-532D-40FB-BD9B-630DD9FDC619}.Release|iPhone.Deploy.0 = Release|Any CPU
		{C0BE485D-532D-40FB-BD9B-630DD9FDC619}.Release|iPhoneSimulator.ActiveCfg = Release|Any CPU
		{C0BE485D-532D-40FB-BD9B-630DD9FDC619}.Release|iPhoneSimulator.Build.0 = Release|Any CPU
		{C0BE485D-532D-40FB-BD9B-630DD9FDC619}.Release|iPhoneSimulator.Deploy.0 = Release|Any CPU
		{C0BE485D-532D-40FB-BD9B-630DD9FDC619}.Release|x64.ActiveCfg = Release|Any CPU
		{C0BE485D-532D-40FB-BD9B-630DD9FDC619}.Release|x64.Build.0 = Release|Any CPU
		{C0BE485D-532D-40FB-BD9B-630DD9FDC619}.Release|x64.Deploy.0 = Release|Any CPU
		{C0BE485D-532D-40FB-BD9B-630DD9FDC619}.Release|x86.ActiveCfg = Release|Any CPU
		{C0BE485D-532D-40FB-BD9B-630DD9FDC619}.Release|x86.Build.0 = Release|Any CPU
		{C0BE485D-532D-40FB-BD9B-630DD9FDC619}.Release|x86.Deploy.0 = Release|Any CPU
	EndGlobalSection
	GlobalSection(SolutionProperties) = preSolution
		HideSolutionNode = FALSE
	EndGlobalSection
	GlobalSection(ExtensibilityGlobals) = postSolution
		SolutionGuid = {7FB2F9DC-6D27-4374-B8A8-8D74EB284E73}
	EndGlobalSection
EndGlobal
